<?xml version="1.0" encoding="UTF-8" standalone="yes" ?>
<CodeBlocks_project_file>
	<FileVersion major="1" minor="6" />
	<Project>
		<Option title="midi-synth" />
		<Option pch_mode="2" />
		<Option compiler="gcc" />
		<Build>
			<Target title="Debug">
				<Option output="bin/Debug/midi-synth" prefix_auto="1" extension_auto="1" />
				<Option object_output="obj/Debug/" />
				<Option type="1" />
				<Option compiler="gcc" />
				<Compiler>
					<Add option="-g" />
				</Compiler>
			</Target>
			<Target title="Release">
				<Option output="bin/Release/midi-synth" prefix_auto="1" extension_auto="1" />
				<Option object_output="obj/Release/" />
				<Option type="1" />
				<Option compiler="gcc" />
				<Compiler>
					<Add option="-O2" />
				</Compiler>
				<Linker>
					<Add option="-s" />
				</Linker>
			</Target>
		</Build>
		<Compiler>
			<Add option="-Wall" />
			<Add option="-fexceptions" />
			<Add option="-std=c++11" />
			<Add option="-pthread" />
			<Add option="`sdl2-config --cflags`" />
			<Add option="`pkg-config vorbisfile --cflags`" />
		</Compiler>
		<Linker>
			<Add option="`sdl2-config --libs`" />
			<Add option="`pkg-config vorbisfile --libs`" />
			<Add option="-pthread" />
		</Linker>
		<Unit filename="audio_channel.h" />
		<Unit filename="audio_data.cpp" />
		<Unit filename="audio_data.h" />
		<Unit filename="audio_output.cpp" />
		<Unit filename="audio_output.h" />
		<Unit filename="audio_source.h" />
		<Unit filename="main.cpp" />
		<Unit filename="midi_channel.h" />
		<Unit filename="midi_key.cpp" />
		<Unit filename="midi_key.h" />
		<Unit filename="util.h" />
		<Extensions>
			<envvars />
			<code_completion />
			<debugger />
		</Extensions>
	</Project>
</CodeBlocks_project_file>
